
Microsoft Visual Studio Solution File, Format Version 12.00
# Visual Studio Version 17
VisualStudioVersion = 17.9.34616.47
MinimumVisualStudioVersion = 10.0.40219.1
Project("{54A90642-561A-4BB1-A94E-469ADEE60C69}") = "AngularTest", "AngularTest.esproj", "{EBFC2932-3E36-4DA3-B07D-DDA281B07A6A}"
EndProject
Global
	GlobalSection(SolutionConfigurationPlatforms) = preSolution
		Debug|Any CPU = Debug|Any CPU
		Release|Any CPU = Release|Any CPU
	EndGlobalSection
	GlobalSection(ProjectConfigurationPlatforms) = postSolution
		{EBFC2932-3E36-4DA3-B07D-DDA281B07A6A}.Debug|Any CPU.ActiveCfg = Debug|Any CPU
		{EBFC2932-3E36-4DA3-B07D-DDA281B07A6A}.Debug|Any CPU.Build.0 = Debug|Any CPU
		{EBFC2932-3E36-4DA3-B07D-DDA281B07A6A}.Debug|Any CPU.Deploy.0 = Debug|Any CPU
		{EBFC2932-3E36-4DA3-B07D-DDA281B07A6A}.Release|Any CPU.ActiveCfg = Release|Any CPU
		{EBFC2932-3E36-4DA3-B07D-DDA281B07A6A}.Release|Any CPU.Build.0 = Release|Any CPU
		{EBFC2932-3E36-4DA3-B07D-DDA281B07A6A}.Release|Any CPU.Deploy.0 = Release|Any CPU
	EndGlobalSection
	GlobalSection(SolutionProperties) = preSolution
		HideSolutionNode = FALSE
	EndGlobalSection
	GlobalSection(ExtensibilityGlobals) = postSolution
		SolutionGuid = {289F243F-FCA3-4053-AFD0-CF036EAE8831}
	EndGlobalSection
EndGlobal
