
Microsoft Visual Studio Solution File, Format Version 12.00
# Visual Studio Version 17
VisualStudioVersion = 17.13.35825.156 d17.13
MinimumVisualStudioVersion = 10.0.40219.1
Project("{54A90642-561A-4BB1-A94E-469ADEE60C69}") = "Resume2025", "Resume2025.esproj", "{65CE05D8-BC6C-945C-93C6-061982F03AAA}"
EndProject
Global
	GlobalSection(SolutionConfigurationPlatforms) = preSolution
		Debug|Any CPU = Debug|Any CPU
		Release|Any CPU = Release|Any CPU
	EndGlobalSection
	GlobalSection(ProjectConfigurationPlatforms) = postSolution
		{65CE05D8-BC6C-945C-93C6-061982F03AAA}.Debug|Any CPU.ActiveCfg = Debug|Any CPU
		{65CE05D8-BC6C-945C-93C6-061982F03AAA}.Debug|Any CPU.Build.0 = Debug|Any CPU
		{65CE05D8-BC6C-945C-93C6-061982F03AAA}.Debug|Any CPU.Deploy.0 = Debug|Any CPU
		{65CE05D8-BC6C-945C-93C6-061982F03AAA}.Release|Any CPU.ActiveCfg = Release|Any CPU
		{65CE05D8-BC6C-945C-93C6-061982F03AAA}.Release|Any CPU.Build.0 = Release|Any CPU
		{65CE05D8-BC6C-945C-93C6-061982F03AAA}.Release|Any CPU.Deploy.0 = Release|Any CPU
	EndGlobalSection
	GlobalSection(SolutionProperties) = preSolution
		HideSolutionNode = FALSE
	EndGlobalSection
	GlobalSection(ExtensibilityGlobals) = postSolution
		SolutionGuid = {FD8A3D00-9DD9-48DA-B6E2-1964F41AB7F2}
	EndGlobalSection
EndGlobal
